
Microsoft Visual Studio Solution File, Format Version 12.00
# Visual Studio Version 17
VisualStudioVersion = 17.3.32819.101
MinimumVisualStudioVersion = 10.0.40219.1
Project("{FAE04EC0-301F-11D3-BF4B-00C04F79EFBC}") = "LKdin", "ConsoleApp1\LKdin.csproj", "{83A8D4A9-E681-4BBE-8B8D-730C34242490}"
EndProject
Project("{FAE04EC0-301F-11D3-BF4B-00C04F79EFBC}") = "Cliente", "Serivdor\Cliente.csproj", "{62E179EB-6333-42E1-A5B5-22F33D7261D9}"
EndProject
Project("{FAE04EC0-301F-11D3-BF4B-00C04F79EFBC}") = "Protocolo", "Protocolo\Protocolo.csproj", "{7A838C31-590C-4DC9-B428-BFAD50941DFF}"
EndProject
Global
	GlobalSection(SolutionConfigurationPlatforms) = preSolution
		Debug|Any CPU = Debug|Any CPU
		Release|Any CPU = Release|Any CPU
	EndGlobalSection
	GlobalSection(ProjectConfigurationPlatforms) = postSolution
		{83A8D4A9-E681-4BBE-8B8D-730C34242490}.Debug|Any CPU.ActiveCfg = Debug|Any CPU
		{83A8D4A9-E681-4BBE-8B8D-730C34242490}.Debug|Any CPU.Build.0 = Debug|Any CPU
		{83A8D4A9-E681-4BBE-8B8D-730C34242490}.Release|Any CPU.ActiveCfg = Release|Any CPU
		{83A8D4A9-E681-4BBE-8B8D-730C34242490}.Release|Any CPU.Build.0 = Release|Any CPU
		{62E179EB-6333-42E1-A5B5-22F33D7261D9}.Debug|Any CPU.ActiveCfg = Debug|Any CPU
		{62E179EB-6333-42E1-A5B5-22F33D7261D9}.Debug|Any CPU.Build.0 = Debug|Any CPU
		{62E179EB-6333-42E1-A5B5-22F33D7261D9}.Release|Any CPU.ActiveCfg = Release|Any CPU
		{62E179EB-6333-42E1-A5B5-22F33D7261D9}.Release|Any CPU.Build.0 = Release|Any CPU
		{7A838C31-590C-4DC9-B428-BFAD50941DFF}.Debug|Any CPU.ActiveCfg = Debug|Any CPU
		{7A838C31-590C-4DC9-B428-BFAD50941DFF}.Debug|Any CPU.Build.0 = Debug|Any CPU
		{7A838C31-590C-4DC9-B428-BFAD50941DFF}.Release|Any CPU.ActiveCfg = Release|Any CPU
		{7A838C31-590C-4DC9-B428-BFAD50941DFF}.Release|Any CPU.Build.0 = Release|Any CPU
	EndGlobalSection
	GlobalSection(SolutionProperties) = preSolution
		HideSolutionNode = FALSE
	EndGlobalSection
	GlobalSection(ExtensibilityGlobals) = postSolution
		SolutionGuid = {F33A363D-AB21-40AB-8D43-B506E64E4BB9}
	EndGlobalSection
EndGlobal
