
Microsoft Visual Studio Solution File, Format Version 12.00
# Visual Studio Version 17
VisualStudioVersion = 17.3.32819.101
MinimumVisualStudioVersion = 10.0.40219.1
Project("{9A19103F-16F7-4668-BE54-9A1E7A4F7556}") = "Protocolo", "Protocolo\Protocolo.csproj", "{7A838C31-590C-4DC9-B428-BFAD50941DFF}"
EndProject
Project("{FAE04EC0-301F-11D3-BF4B-00C04F79EFBC}") = "ClienT", "ClienT\ClienT.csproj", "{18D48967-CAF9-4BD7-9BF2-86333B1DD3C7}"
EndProject
Project("{FAE04EC0-301F-11D3-BF4B-00C04F79EFBC}") = "LKAdin", "LKAdin\LKAdin.csproj", "{3AB0A482-4D99-4985-A433-147F37826133}"
EndProject
Global
	GlobalSection(SolutionConfigurationPlatforms) = preSolution
		Debug|Any CPU = Debug|Any CPU
		Release|Any CPU = Release|Any CPU
	EndGlobalSection
	GlobalSection(ProjectConfigurationPlatforms) = postSolution
		{7A838C31-590C-4DC9-B428-BFAD50941DFF}.Debug|Any CPU.ActiveCfg = Debug|Any CPU
		{7A838C31-590C-4DC9-B428-BFAD50941DFF}.Debug|Any CPU.Build.0 = Debug|Any CPU
		{7A838C31-590C-4DC9-B428-BFAD50941DFF}.Release|Any CPU.ActiveCfg = Release|Any CPU
		{7A838C31-590C-4DC9-B428-BFAD50941DFF}.Release|Any CPU.Build.0 = Release|Any CPU
		{18D48967-CAF9-4BD7-9BF2-86333B1DD3C7}.Debug|Any CPU.ActiveCfg = Debug|Any CPU
		{18D48967-CAF9-4BD7-9BF2-86333B1DD3C7}.Debug|Any CPU.Build.0 = Debug|Any CPU
		{18D48967-CAF9-4BD7-9BF2-86333B1DD3C7}.Release|Any CPU.ActiveCfg = Release|Any CPU
		{18D48967-CAF9-4BD7-9BF2-86333B1DD3C7}.Release|Any CPU.Build.0 = Release|Any CPU
		{3AB0A482-4D99-4985-A433-147F37826133}.Debug|Any CPU.ActiveCfg = Debug|Any CPU
		{3AB0A482-4D99-4985-A433-147F37826133}.Debug|Any CPU.Build.0 = Debug|Any CPU
		{3AB0A482-4D99-4985-A433-147F37826133}.Release|Any CPU.ActiveCfg = Release|Any CPU
		{3AB0A482-4D99-4985-A433-147F37826133}.Release|Any CPU.Build.0 = Release|Any CPU
	EndGlobalSection
	GlobalSection(SolutionProperties) = preSolution
		HideSolutionNode = FALSE
	EndGlobalSection
	GlobalSection(ExtensibilityGlobals) = postSolution
		SolutionGuid = {F33A363D-AB21-40AB-8D43-B506E64E4BB9}
	EndGlobalSection
EndGlobal
